
Microsoft Visual Studio Solution File, Format Version 12.00
# Visual Studio Version 17
VisualStudioVersion = 17.7.34031.279
MinimumVisualStudioVersion = 10.0.40219.1
Project("{FAE04EC0-301F-11D3-BF4B-00C04F79EFBC}") = "ResumeFilter.API", "ResumeFilter.API\ResumeFilter.API.csproj", "{BAE8930C-7133-4514-813D-246BD9702BCF}"
EndProject
Global
	GlobalSection(SolutionConfigurationPlatforms) = preSolution
		Debug|Any CPU = Debug|Any CPU
		Release|Any CPU = Release|Any CPU
	EndGlobalSection
	GlobalSection(ProjectConfigurationPlatforms) = postSolution
		{BAE8930C-7133-4514-813D-246BD9702BCF}.Debug|Any CPU.ActiveCfg = Debug|Any CPU
		{BAE8930C-7133-4514-813D-246BD9702BCF}.Debug|Any CPU.Build.0 = Debug|Any CPU
		{BAE8930C-7133-4514-813D-246BD9702BCF}.Release|Any CPU.ActiveCfg = Release|Any CPU
		{BAE8930C-7133-4514-813D-246BD9702BCF}.Release|Any CPU.Build.0 = Release|Any CPU
	EndGlobalSection
	GlobalSection(SolutionProperties) = preSolution
		HideSolutionNode = FALSE
	EndGlobalSection
	GlobalSection(ExtensibilityGlobals) = postSolution
		SolutionGuid = {38B7D56C-F55A-41D1-AD41-8C773A06E780}
	EndGlobalSection
EndGlobal
